
Microsoft Visual Studio Solution File, Format Version 12.00
# Visual Studio 14
VisualStudioVersion = 14.0.25123.0
MinimumVisualStudioVersion = 10.0.40219.1
Project("{2150E333-8FDC-42A3-9474-1A3956D46DE8}") = "Solution Items", "Solution Items", "{CFD56E6D-D552-42E2-9E9A-2C467B9FDE62}"
	ProjectSection(SolutionItems) = preProject
		CommonAssemblyInfo.cs = CommonAssemblyInfo.cs
		DynaCache.snk = DynaCache.snk
	EndProjectSection
EndProject
Project("{2150E333-8FDC-42A3-9474-1A3956D46DE8}") = "Nuget", "Nuget", "{B2CEDB6F-E6A3-41DC-8AD4-F794E3AAA911}"
	ProjectSection(SolutionItems) = preProject
		Nuget\PackageContents\DynaCache.nuspec = Nuget\PackageContents\DynaCache.nuspec
		Nuget\NuGet.exe = Nuget\NuGet.exe
		Nuget\packagebuilder.cmd = Nuget\packagebuilder.cmd
		Nuget\PackageContents\Revison history.txt = Nuget\PackageContents\Revison history.txt
	EndProjectSection
EndProject
Project("{FAE04EC0-301F-11D3-BF4B-00C04F79EFBC}") = "DynaCache.Core", "DynaCache.Core\DynaCache.Core.csproj", "{E645744C-1142-47C3-B5C1-644719E34FB1}"
EndProject
Project("{FAE04EC0-301F-11D3-BF4B-00C04F79EFBC}") = "DynaCache.Core.MemoryCache", "DynaCache.Core.MemoryCache\DynaCache.Core.MemoryCache.csproj", "{71764F40-FBC1-4FD5-8BA9-757BBAF08F3D}"
EndProject
Project("{FAE04EC0-301F-11D3-BF4B-00C04F79EFBC}") = "DynaCache.Core.TestApp", "DynaCache.Core.TestApp\DynaCache.Core.TestApp.csproj", "{92312062-F98E-49B1-BC76-919F0EC2C9BA}"
EndProject
Global
	GlobalSection(SolutionConfigurationPlatforms) = preSolution
		Debug|Any CPU = Debug|Any CPU
		Debug|Mixed Platforms = Debug|Mixed Platforms
		Debug|x86 = Debug|x86
		Release|Any CPU = Release|Any CPU
		Release|Mixed Platforms = Release|Mixed Platforms
		Release|x86 = Release|x86
	EndGlobalSection
	GlobalSection(ProjectConfigurationPlatforms) = postSolution
		{E645744C-1142-47C3-B5C1-644719E34FB1}.Debug|Any CPU.ActiveCfg = Debug|Any CPU
		{E645744C-1142-47C3-B5C1-644719E34FB1}.Debug|Any CPU.Build.0 = Debug|Any CPU
		{E645744C-1142-47C3-B5C1-644719E34FB1}.Debug|Mixed Platforms.ActiveCfg = Debug|Any CPU
		{E645744C-1142-47C3-B5C1-644719E34FB1}.Debug|Mixed Platforms.Build.0 = Debug|Any CPU
		{E645744C-1142-47C3-B5C1-644719E34FB1}.Debug|x86.ActiveCfg = Debug|Any CPU
		{E645744C-1142-47C3-B5C1-644719E34FB1}.Debug|x86.Build.0 = Debug|Any CPU
		{E645744C-1142-47C3-B5C1-644719E34FB1}.Release|Any CPU.ActiveCfg = Release|Any CPU
		{E645744C-1142-47C3-B5C1-644719E34FB1}.Release|Any CPU.Build.0 = Release|Any CPU
		{E645744C-1142-47C3-B5C1-644719E34FB1}.Release|Mixed Platforms.ActiveCfg = Release|Any CPU
		{E645744C-1142-47C3-B5C1-644719E34FB1}.Release|Mixed Platforms.Build.0 = Release|Any CPU
		{E645744C-1142-47C3-B5C1-644719E34FB1}.Release|x86.ActiveCfg = Release|Any CPU
		{E645744C-1142-47C3-B5C1-644719E34FB1}.Release|x86.Build.0 = Release|Any CPU
		{71764F40-FBC1-4FD5-8BA9-757BBAF08F3D}.Debug|Any CPU.ActiveCfg = Debug|Any CPU
		{71764F40-FBC1-4FD5-8BA9-757BBAF08F3D}.Debug|Any CPU.Build.0 = Debug|Any CPU
		{71764F40-FBC1-4FD5-8BA9-757BBAF08F3D}.Debug|Mixed Platforms.ActiveCfg = Debug|Any CPU
		{71764F40-FBC1-4FD5-8BA9-757BBAF08F3D}.Debug|Mixed Platforms.Build.0 = Debug|Any CPU
		{71764F40-FBC1-4FD5-8BA9-757BBAF08F3D}.Debug|x86.ActiveCfg = Debug|Any CPU
		{71764F40-FBC1-4FD5-8BA9-757BBAF08F3D}.Debug|x86.Build.0 = Debug|Any CPU
		{71764F40-FBC1-4FD5-8BA9-757BBAF08F3D}.Release|Any CPU.ActiveCfg = Release|Any CPU
		{71764F40-FBC1-4FD5-8BA9-757BBAF08F3D}.Release|Any CPU.Build.0 = Release|Any CPU
		{71764F40-FBC1-4FD5-8BA9-757BBAF08F3D}.Release|Mixed Platforms.ActiveCfg = Release|Any CPU
		{71764F40-FBC1-4FD5-8BA9-757BBAF08F3D}.Release|Mixed Platforms.Build.0 = Release|Any CPU
		{71764F40-FBC1-4FD5-8BA9-757BBAF08F3D}.Release|x86.ActiveCfg = Release|Any CPU
		{71764F40-FBC1-4FD5-8BA9-757BBAF08F3D}.Release|x86.Build.0 = Release|Any CPU
		{92312062-F98E-49B1-BC76-919F0EC2C9BA}.Debug|Any CPU.ActiveCfg = Debug|Any CPU
		{92312062-F98E-49B1-BC76-919F0EC2C9BA}.Debug|Any CPU.Build.0 = Debug|Any CPU
		{92312062-F98E-49B1-BC76-919F0EC2C9BA}.Debug|Mixed Platforms.ActiveCfg = Debug|Any CPU
		{92312062-F98E-49B1-BC76-919F0EC2C9BA}.Debug|Mixed Platforms.Build.0 = Debug|Any CPU
		{92312062-F98E-49B1-BC76-919F0EC2C9BA}.Debug|x86.ActiveCfg = Debug|Any CPU
		{92312062-F98E-49B1-BC76-919F0EC2C9BA}.Debug|x86.Build.0 = Debug|Any CPU
		{92312062-F98E-49B1-BC76-919F0EC2C9BA}.Release|Any CPU.ActiveCfg = Release|Any CPU
		{92312062-F98E-49B1-BC76-919F0EC2C9BA}.Release|Any CPU.Build.0 = Release|Any CPU
		{92312062-F98E-49B1-BC76-919F0EC2C9BA}.Release|Mixed Platforms.ActiveCfg = Release|Any CPU
		{92312062-F98E-49B1-BC76-919F0EC2C9BA}.Release|Mixed Platforms.Build.0 = Release|Any CPU
		{92312062-F98E-49B1-BC76-919F0EC2C9BA}.Release|x86.ActiveCfg = Release|Any CPU
		{92312062-F98E-49B1-BC76-919F0EC2C9BA}.Release|x86.Build.0 = Release|Any CPU
	EndGlobalSection
	GlobalSection(SolutionProperties) = preSolution
		HideSolutionNode = FALSE
	EndGlobalSection
	GlobalSection(NestedProjects) = preSolution
		{B2CEDB6F-E6A3-41DC-8AD4-F794E3AAA911} = {CFD56E6D-D552-42E2-9E9A-2C467B9FDE62}
	EndGlobalSection
EndGlobal
